{
  "name": "xpb-miniapp-shop",
  "lockfileVersion": 2,
  "requires": true,
  "packages": {
    "": {
      "dependencies": {
        "mp-html": "^2.5.0",
        "uview-ui": "^1.8.8"
      }
    },
    "node_modules/mp-html": {
      "version": "2.5.0",
      "resolved": "https://registry.npmmirror.com/mp-html/-/mp-html-2.5.0.tgz",
      "integrity": "sha512-uvBH5tIaDIlj8qaxsvNXU3RKX0jvXOo3J6FAi/notUv/ds6j79UUTE82aDkxxUk0eLUU0CiCqMrR7WWnytk30Q=="
    },
    "node_modules/uview-ui": {
      "version": "1.8.8",
      "resolved": "https://registry.npmjs.org/uview-ui/-/uview-ui-1.8.8.tgz",
      "integrity": "sha512-Osal3yzXiHor0In9OPTZuXTaqTbDglMZ9RGK/MPYDoQQs+y0hrBCUD0Xp5T70C8i2lLu2X6Z11zJhmsQWMR7Jg==",
      "license": "MIT"
    }
  },
  "dependencies": {
    "mp-html": {
      "version": "2.5.0",
      "resolved": "https://registry.npmmirror.com/mp-html/-/mp-html-2.5.0.tgz",
      "integrity": "sha512-uvBH5tIaDIlj8qaxsvNXU3RKX0jvXOo3J6FAi/notUv/ds6j79UUTE82aDkxxUk0eLUU0CiCqMrR7WWnytk30Q=="
    },
    "uview-ui": {
      "version": "1.8.8",
      "resolved": "https://registry.npmjs.org/uview-ui/-/uview-ui-1.8.8.tgz",
      "integrity": "sha512-Osal3yzXiHor0In9OPTZuXTaqTbDglMZ9RGK/MPYDoQQs+y0hrBCUD0Xp5T70C8i2lLu2X6Z11zJhmsQWMR7Jg=="
    }
  }
}
